
Microsoft Visual Studio Solution File, Format Version 12.00
# Visual Studio Version 16
VisualStudioVersion = 16.0.31729.503
MinimumVisualStudioVersion = 10.0.40219.1
Project("{FAE04EC0-301F-11D3-BF4B-00C04F79EFBC}") = "Week-5 Task-7", "Week-5 Task-7\Week-5 Task-7.csproj", "{8B0C9ED9-52CB-43FC-B291-B055A234E8AB}"
EndProject
Global
	GlobalSection(SolutionConfigurationPlatforms) = preSolution
		Debug|Any CPU = Debug|Any CPU
		Release|Any CPU = Release|Any CPU
	EndGlobalSection
	GlobalSection(ProjectConfigurationPlatforms) = postSolution
		{8B0C9ED9-52CB-43FC-B291-B055A234E8AB}.Debug|Any CPU.ActiveCfg = Debug|Any CPU
		{8B0C9ED9-52CB-43FC-B291-B055A234E8AB}.Debug|Any CPU.Build.0 = Debug|Any CPU
		{8B0C9ED9-52CB-43FC-B291-B055A234E8AB}.Release|Any CPU.ActiveCfg = Release|Any CPU
		{8B0C9ED9-52CB-43FC-B291-B055A234E8AB}.Release|Any CPU.Build.0 = Release|Any CPU
	EndGlobalSection
	GlobalSection(SolutionProperties) = preSolution
		HideSolutionNode = FALSE
	EndGlobalSection
	GlobalSection(ExtensibilityGlobals) = postSolution
		SolutionGuid = {E1037DE7-22F6-4A3A-925D-A17AE2AE8941}
	EndGlobalSection
EndGlobal
