
Microsoft Visual Studio Solution File, Format Version 12.00
# Visual Studio Version 16
VisualStudioVersion = 16.0.31729.503
MinimumVisualStudioVersion = 10.0.40219.1
Project("{FAE04EC0-301F-11D3-BF4B-00C04F79EFBC}") = "Lab-3 Task-3", "Lab-3 Task-3\Lab-3 Task-3.csproj", "{F01043FD-91D5-452D-A40A-82A4ED7C0728}"
EndProject
Global
	GlobalSection(SolutionConfigurationPlatforms) = preSolution
		Debug|Any CPU = Debug|Any CPU
		Release|Any CPU = Release|Any CPU
	EndGlobalSection
	GlobalSection(ProjectConfigurationPlatforms) = postSolution
		{F01043FD-91D5-452D-A40A-82A4ED7C0728}.Debug|Any CPU.ActiveCfg = Debug|Any CPU
		{F01043FD-91D5-452D-A40A-82A4ED7C0728}.Debug|Any CPU.Build.0 = Debug|Any CPU
		{F01043FD-91D5-452D-A40A-82A4ED7C0728}.Release|Any CPU.ActiveCfg = Release|Any CPU
		{F01043FD-91D5-452D-A40A-82A4ED7C0728}.Release|Any CPU.Build.0 = Release|Any CPU
	EndGlobalSection
	GlobalSection(SolutionProperties) = preSolution
		HideSolutionNode = FALSE
	EndGlobalSection
	GlobalSection(ExtensibilityGlobals) = postSolution
		SolutionGuid = {F7F0ABA1-3F5E-4CE1-9F38-E4DE4D08B106}
	EndGlobalSection
EndGlobal
