
Microsoft Visual Studio Solution File, Format Version 12.00
# Visual Studio Version 16
VisualStudioVersion = 16.0.31624.102
MinimumVisualStudioVersion = 10.0.40219.1
Project("{FAE04EC0-301F-11D3-BF4B-00C04F79EFBC}") = "Week-2_Task-2", "Week-2_Task-2.csproj", "{8E2C98CB-D219-425E-8AC7-7B9BDBB71A30}"
EndProject
Global
	GlobalSection(SolutionConfigurationPlatforms) = preSolution
		Debug|Any CPU = Debug|Any CPU
		Release|Any CPU = Release|Any CPU
	EndGlobalSection
	GlobalSection(ProjectConfigurationPlatforms) = postSolution
		{8E2C98CB-D219-425E-8AC7-7B9BDBB71A30}.Debug|Any CPU.ActiveCfg = Debug|Any CPU
		{8E2C98CB-D219-425E-8AC7-7B9BDBB71A30}.Debug|Any CPU.Build.0 = Debug|Any CPU
		{8E2C98CB-D219-425E-8AC7-7B9BDBB71A30}.Release|Any CPU.ActiveCfg = Release|Any CPU
		{8E2C98CB-D219-425E-8AC7-7B9BDBB71A30}.Release|Any CPU.Build.0 = Release|Any CPU
	EndGlobalSection
	GlobalSection(SolutionProperties) = preSolution
		HideSolutionNode = FALSE
	EndGlobalSection
	GlobalSection(ExtensibilityGlobals) = postSolution
		SolutionGuid = {4C90DFAE-16F9-4BDC-B730-61B447F36C9D}
	EndGlobalSection
EndGlobal
