
Microsoft Visual Studio Solution File, Format Version 12.00
# Visual Studio Version 16
VisualStudioVersion = 16.0.31729.503
MinimumVisualStudioVersion = 10.0.40219.1
Project("{FAE04EC0-301F-11D3-BF4B-00C04F79EFBC}") = "Final Lab Task-1", "Final Lab Task-1\Final Lab Task-1.csproj", "{FA4F82AE-ACCF-43A5-9C23-C44EE366FFCA}"
EndProject
Global
	GlobalSection(SolutionConfigurationPlatforms) = preSolution
		Debug|Any CPU = Debug|Any CPU
		Release|Any CPU = Release|Any CPU
	EndGlobalSection
	GlobalSection(ProjectConfigurationPlatforms) = postSolution
		{FA4F82AE-ACCF-43A5-9C23-C44EE366FFCA}.Debug|Any CPU.ActiveCfg = Debug|Any CPU
		{FA4F82AE-ACCF-43A5-9C23-C44EE366FFCA}.Debug|Any CPU.Build.0 = Debug|Any CPU
		{FA4F82AE-ACCF-43A5-9C23-C44EE366FFCA}.Release|Any CPU.ActiveCfg = Release|Any CPU
		{FA4F82AE-ACCF-43A5-9C23-C44EE366FFCA}.Release|Any CPU.Build.0 = Release|Any CPU
	EndGlobalSection
	GlobalSection(SolutionProperties) = preSolution
		HideSolutionNode = FALSE
	EndGlobalSection
	GlobalSection(ExtensibilityGlobals) = postSolution
		SolutionGuid = {B82E6C6A-9E54-4E07-B9CB-5FDE4B8849F8}
	EndGlobalSection
EndGlobal
