
Microsoft Visual Studio Solution File, Format Version 12.00
# Visual Studio Version 16
VisualStudioVersion = 16.0.31729.503
MinimumVisualStudioVersion = 10.0.40219.1
Project("{FAE04EC0-301F-11D3-BF4B-00C04F79EFBC}") = "WindowsFormsApp1", "WindowsFormsApp1\WindowsFormsApp1.csproj", "{E954819E-6EC8-4BF8-B255-D596541A9489}"
EndProject
Global
	GlobalSection(SolutionConfigurationPlatforms) = preSolution
		Debug|Any CPU = Debug|Any CPU
		Release|Any CPU = Release|Any CPU
	EndGlobalSection
	GlobalSection(ProjectConfigurationPlatforms) = postSolution
		{E954819E-6EC8-4BF8-B255-D596541A9489}.Debug|Any CPU.ActiveCfg = Debug|Any CPU
		{E954819E-6EC8-4BF8-B255-D596541A9489}.Debug|Any CPU.Build.0 = Debug|Any CPU
		{E954819E-6EC8-4BF8-B255-D596541A9489}.Release|Any CPU.ActiveCfg = Release|Any CPU
		{E954819E-6EC8-4BF8-B255-D596541A9489}.Release|Any CPU.Build.0 = Release|Any CPU
	EndGlobalSection
	GlobalSection(SolutionProperties) = preSolution
		HideSolutionNode = FALSE
	EndGlobalSection
	GlobalSection(ExtensibilityGlobals) = postSolution
		SolutionGuid = {27F5947B-8CED-43AB-B7ED-78913C41F17F}
	EndGlobalSection
EndGlobal
