
Microsoft Visual Studio Solution File, Format Version 12.00
# Visual Studio Version 16
VisualStudioVersion = 16.0.31729.503
MinimumVisualStudioVersion = 10.0.40219.1
Project("{FAE04EC0-301F-11D3-BF4B-00C04F79EFBC}") = "Final Lab Task-1(2)", "Final Lab Task-1(2)\Final Lab Task-1(2).csproj", "{7BC25824-63FD-41F4-89A7-4851FD948F85}"
EndProject
Global
	GlobalSection(SolutionConfigurationPlatforms) = preSolution
		Debug|Any CPU = Debug|Any CPU
		Release|Any CPU = Release|Any CPU
	EndGlobalSection
	GlobalSection(ProjectConfigurationPlatforms) = postSolution
		{7BC25824-63FD-41F4-89A7-4851FD948F85}.Debug|Any CPU.ActiveCfg = Debug|Any CPU
		{7BC25824-63FD-41F4-89A7-4851FD948F85}.Debug|Any CPU.Build.0 = Debug|Any CPU
		{7BC25824-63FD-41F4-89A7-4851FD948F85}.Release|Any CPU.ActiveCfg = Release|Any CPU
		{7BC25824-63FD-41F4-89A7-4851FD948F85}.Release|Any CPU.Build.0 = Release|Any CPU
	EndGlobalSection
	GlobalSection(SolutionProperties) = preSolution
		HideSolutionNode = FALSE
	EndGlobalSection
	GlobalSection(ExtensibilityGlobals) = postSolution
		SolutionGuid = {6BCF2CC9-A22F-4F53-83F2-360483C994FB}
	EndGlobalSection
EndGlobal
