
Microsoft Visual Studio Solution File, Format Version 12.00
# Visual Studio Version 16
VisualStudioVersion = 16.0.31729.503
MinimumVisualStudioVersion = 10.0.40219.1
Project("{FAE04EC0-301F-11D3-BF4B-00C04F79EFBC}") = "Final Lab Task-2(3)", "Final Lab Task-2(3)\Final Lab Task-2(3).csproj", "{AB052AE2-D494-44D7-93DA-390E5F4261CF}"
EndProject
Global
	GlobalSection(SolutionConfigurationPlatforms) = preSolution
		Debug|Any CPU = Debug|Any CPU
		Release|Any CPU = Release|Any CPU
	EndGlobalSection
	GlobalSection(ProjectConfigurationPlatforms) = postSolution
		{AB052AE2-D494-44D7-93DA-390E5F4261CF}.Debug|Any CPU.ActiveCfg = Debug|Any CPU
		{AB052AE2-D494-44D7-93DA-390E5F4261CF}.Debug|Any CPU.Build.0 = Debug|Any CPU
		{AB052AE2-D494-44D7-93DA-390E5F4261CF}.Release|Any CPU.ActiveCfg = Release|Any CPU
		{AB052AE2-D494-44D7-93DA-390E5F4261CF}.Release|Any CPU.Build.0 = Release|Any CPU
	EndGlobalSection
	GlobalSection(SolutionProperties) = preSolution
		HideSolutionNode = FALSE
	EndGlobalSection
	GlobalSection(ExtensibilityGlobals) = postSolution
		SolutionGuid = {B1B6BA45-33B7-496A-B800-7A4BB9E23685}
	EndGlobalSection
EndGlobal
