
Microsoft Visual Studio Solution File, Format Version 12.00
# Visual Studio Version 16
VisualStudioVersion = 16.0.31624.102
MinimumVisualStudioVersion = 10.0.40219.1
Project("{FAE04EC0-301F-11D3-BF4B-00C04F79EFBC}") = "Weel-1_Lab - L", "Weel-1_Lab - L.csproj", "{84DB1F0B-F75F-4A7B-A624-93810348DA22}"
EndProject
Project("{FAE04EC0-301F-11D3-BF4B-00C04F79EFBC}") = "Week-1_Lab-L", "..\Week-1_Lab-L\Week-1_Lab-L.csproj", "{8D7D5090-B16A-4F62-B25B-C0563BE8BBD5}"
EndProject
Global
	GlobalSection(SolutionConfigurationPlatforms) = preSolution
		Debug|Any CPU = Debug|Any CPU
		Release|Any CPU = Release|Any CPU
	EndGlobalSection
	GlobalSection(ProjectConfigurationPlatforms) = postSolution
		{84DB1F0B-F75F-4A7B-A624-93810348DA22}.Debug|Any CPU.ActiveCfg = Debug|Any CPU
		{84DB1F0B-F75F-4A7B-A624-93810348DA22}.Debug|Any CPU.Build.0 = Debug|Any CPU
		{84DB1F0B-F75F-4A7B-A624-93810348DA22}.Release|Any CPU.ActiveCfg = Release|Any CPU
		{84DB1F0B-F75F-4A7B-A624-93810348DA22}.Release|Any CPU.Build.0 = Release|Any CPU
		{8D7D5090-B16A-4F62-B25B-C0563BE8BBD5}.Debug|Any CPU.ActiveCfg = Debug|Any CPU
		{8D7D5090-B16A-4F62-B25B-C0563BE8BBD5}.Debug|Any CPU.Build.0 = Debug|Any CPU
		{8D7D5090-B16A-4F62-B25B-C0563BE8BBD5}.Release|Any CPU.ActiveCfg = Release|Any CPU
		{8D7D5090-B16A-4F62-B25B-C0563BE8BBD5}.Release|Any CPU.Build.0 = Release|Any CPU
	EndGlobalSection
	GlobalSection(SolutionProperties) = preSolution
		HideSolutionNode = FALSE
	EndGlobalSection
	GlobalSection(ExtensibilityGlobals) = postSolution
		SolutionGuid = {C9EAC167-C94D-4BE9-8542-3038C903E1B2}
	EndGlobalSection
EndGlobal
